
Microsoft Visual Studio Solution File, Format Version 12.00
# Visual Studio Version 16
VisualStudioVersion = 16.0.29911.84
MinimumVisualStudioVersion = 10.0.40219.1
Project("{8BC9CEB8-8B4A-11D0-8D11-00A0C91BC942}") = "실습용", "실습용.vcxproj", "{FCC98C0E-5ACA-4875-B4DF-4101DE3E4054}"
EndProject
Global
	GlobalSection(SolutionConfigurationPlatforms) = preSolution
		Debug|x64 = Debug|x64
		Debug|x86 = Debug|x86
		Release|x64 = Release|x64
		Release|x86 = Release|x86
	EndGlobalSection
	GlobalSection(ProjectConfigurationPlatforms) = postSolution
		{FCC98C0E-5ACA-4875-B4DF-4101DE3E4054}.Debug|x64.ActiveCfg = Debug|x64
		{FCC98C0E-5ACA-4875-B4DF-4101DE3E4054}.Debug|x64.Build.0 = Debug|x64
		{FCC98C0E-5ACA-4875-B4DF-4101DE3E4054}.Debug|x86.ActiveCfg = Debug|Win32
		{FCC98C0E-5ACA-4875-B4DF-4101DE3E4054}.Debug|x86.Build.0 = Debug|Win32
		{FCC98C0E-5ACA-4875-B4DF-4101DE3E4054}.Release|x64.ActiveCfg = Release|x64
		{FCC98C0E-5ACA-4875-B4DF-4101DE3E4054}.Release|x64.Build.0 = Release|x64
		{FCC98C0E-5ACA-4875-B4DF-4101DE3E4054}.Release|x86.ActiveCfg = Release|Win32
		{FCC98C0E-5ACA-4875-B4DF-4101DE3E4054}.Release|x86.Build.0 = Release|Win32
	EndGlobalSection
	GlobalSection(SolutionProperties) = preSolution
		HideSolutionNode = FALSE
	EndGlobalSection
	GlobalSection(ExtensibilityGlobals) = postSolution
		SolutionGuid = {F698D964-49CB-44AC-8BE7-6FA498EEC00C}
	EndGlobalSection
EndGlobal
