
Microsoft Visual Studio Solution File, Format Version 12.00
# Visual Studio Version 16
VisualStudioVersion = 16.0.29911.84
MinimumVisualStudioVersion = 10.0.40219.1
Project("{8BC9CEB8-8B4A-11D0-8D11-00A0C91BC942}") = "실습", "실습.vcxproj", "{73631096-CDD3-498A-A77E-107129ACB578}"
EndProject
Global
	GlobalSection(SolutionConfigurationPlatforms) = preSolution
		Debug|x64 = Debug|x64
		Debug|x86 = Debug|x86
		Release|x64 = Release|x64
		Release|x86 = Release|x86
	EndGlobalSection
	GlobalSection(ProjectConfigurationPlatforms) = postSolution
		{73631096-CDD3-498A-A77E-107129ACB578}.Debug|x64.ActiveCfg = Debug|x64
		{73631096-CDD3-498A-A77E-107129ACB578}.Debug|x64.Build.0 = Debug|x64
		{73631096-CDD3-498A-A77E-107129ACB578}.Debug|x86.ActiveCfg = Debug|Win32
		{73631096-CDD3-498A-A77E-107129ACB578}.Debug|x86.Build.0 = Debug|Win32
		{73631096-CDD3-498A-A77E-107129ACB578}.Release|x64.ActiveCfg = Release|x64
		{73631096-CDD3-498A-A77E-107129ACB578}.Release|x64.Build.0 = Release|x64
		{73631096-CDD3-498A-A77E-107129ACB578}.Release|x86.ActiveCfg = Release|Win32
		{73631096-CDD3-498A-A77E-107129ACB578}.Release|x86.Build.0 = Release|Win32
	EndGlobalSection
	GlobalSection(SolutionProperties) = preSolution
		HideSolutionNode = FALSE
	EndGlobalSection
	GlobalSection(ExtensibilityGlobals) = postSolution
		SolutionGuid = {F32C8DA4-8915-450D-9C09-292BBD434185}
	EndGlobalSection
EndGlobal
