
Microsoft Visual Studio Solution File, Format Version 12.00
# Visual Studio Version 16
VisualStudioVersion = 16.0.29911.84
MinimumVisualStudioVersion = 10.0.40219.1
Project("{8BC9CEB8-8B4A-11D0-8D11-00A0C91BC942}") = "Dictionary", "Dictionary.vcxproj", "{F59FE693-C0A0-4CDC-B057-FD9B92B634CD}"
EndProject
Global
	GlobalSection(SolutionConfigurationPlatforms) = preSolution
		Debug|x64 = Debug|x64
		Debug|x86 = Debug|x86
		Release|x64 = Release|x64
		Release|x86 = Release|x86
	EndGlobalSection
	GlobalSection(ProjectConfigurationPlatforms) = postSolution
		{F59FE693-C0A0-4CDC-B057-FD9B92B634CD}.Debug|x64.ActiveCfg = Debug|x64
		{F59FE693-C0A0-4CDC-B057-FD9B92B634CD}.Debug|x64.Build.0 = Debug|x64
		{F59FE693-C0A0-4CDC-B057-FD9B92B634CD}.Debug|x86.ActiveCfg = Debug|Win32
		{F59FE693-C0A0-4CDC-B057-FD9B92B634CD}.Debug|x86.Build.0 = Debug|Win32
		{F59FE693-C0A0-4CDC-B057-FD9B92B634CD}.Release|x64.ActiveCfg = Release|x64
		{F59FE693-C0A0-4CDC-B057-FD9B92B634CD}.Release|x64.Build.0 = Release|x64
		{F59FE693-C0A0-4CDC-B057-FD9B92B634CD}.Release|x86.ActiveCfg = Release|Win32
		{F59FE693-C0A0-4CDC-B057-FD9B92B634CD}.Release|x86.Build.0 = Release|Win32
	EndGlobalSection
	GlobalSection(SolutionProperties) = preSolution
		HideSolutionNode = FALSE
	EndGlobalSection
	GlobalSection(ExtensibilityGlobals) = postSolution
		SolutionGuid = {A7454B56-44C7-4085-BF7F-19260C8F5272}
	EndGlobalSection
EndGlobal
