
Microsoft Visual Studio Solution File, Format Version 11.00
# Visual Studio 2010
Project("{8BC9CEB8-8B4A-11D0-8D11-00A0C91BC942}") = "ChangeState", "ChangeState\ChangeState.vcxproj", "{4CD31F7E-1710-4C04-89D4-EF16109F0CFE}"
EndProject
Project("{8BC9CEB8-8B4A-11D0-8D11-00A0C91BC942}") = "DisplayVersion", "DisplayVersion\DisplayVersion.vcxproj", "{A592CDB8-6F32-478E-8343-8DF57329B848}"
EndProject
Project("{8BC9CEB8-8B4A-11D0-8D11-00A0C91BC942}") = "Primitive", "Primitive\Primitive.vcxproj", "{79AC15CE-F10D-45DF-A63A-968B2CB0CE5D}"
EndProject
Project("{8BC9CEB8-8B4A-11D0-8D11-00A0C91BC942}") = "glutInput", "glutInput\glutInput.vcxproj", "{9CE74161-A7EE-4C76-B372-7780FEB9C274}"
EndProject
Project("{8BC9CEB8-8B4A-11D0-8D11-00A0C91BC942}") = "glutMenu", "glutMenu\glutMenu.vcxproj", "{0081309C-7F7A-48F0-A807-EDFF5905A61F}"
EndProject
Project("{8BC9CEB8-8B4A-11D0-8D11-00A0C91BC942}") = "glutAni", "glutAni\glutAni.vcxproj", "{67B2F7BD-B648-4E69-AF78-D933A6FA547C}"
EndProject
Project("{8BC9CEB8-8B4A-11D0-8D11-00A0C91BC942}") = "Pyramid", "Pyramid\Pyramid.vcxproj", "{2B6F78E7-1B78-442C-996B-877DBECE4FCF}"
EndProject
Project("{8BC9CEB8-8B4A-11D0-8D11-00A0C91BC942}") = "Culling", "Culling\Culling.vcxproj", "{B0EB9B94-8D20-40F0-9A33-0C2031302A6B}"
EndProject
Project("{8BC9CEB8-8B4A-11D0-8D11-00A0C91BC942}") = "PolygonMode", "PolygonMode\PolygonMode.vcxproj", "{6D10276B-70E0-4CBC-A605-3DC6D0F59594}"
EndProject
Project("{8BC9CEB8-8B4A-11D0-8D11-00A0C91BC942}") = "glutObject", "glutObject\glutObject.vcxproj", "{9FDF687B-8FDF-4BF4-8F31-22B65889762E}"
EndProject
Project("{8BC9CEB8-8B4A-11D0-8D11-00A0C91BC942}") = "gluObject", "gluObject\gluObject.vcxproj", "{954DCE2D-3560-4393-B2E2-AFFAF32DCD49}"
EndProject
Project("{8BC9CEB8-8B4A-11D0-8D11-00A0C91BC942}") = "VertexArray", "VertexArray\VertexArray.vcxproj", "{BFF8AFE9-E12C-47B7-9D85-6B3F360099F4}"
EndProject
Project("{8BC9CEB8-8B4A-11D0-8D11-00A0C91BC942}") = "VertexArrayIndex", "VertexArrayIndex\VertexArrayIndex.vcxproj", "{A033BE0F-FEFB-4E02-9A1F-9912507359E5}"
EndProject
Project("{8BC9CEB8-8B4A-11D0-8D11-00A0C91BC942}") = "DisplayList", "DisplayList\DisplayList.vcxproj", "{A6C00A9D-8488-481B-920C-F9DF150966A9}"
EndProject
Project("{8BC9CEB8-8B4A-11D0-8D11-00A0C91BC942}") = "Viewing", "Viewing\Viewing.vcxproj", "{92BDBE61-E908-466D-8FEF-86385761E9DB}"
EndProject
Project("{8BC9CEB8-8B4A-11D0-8D11-00A0C91BC942}") = "Modeling", "Modeling\Modeling.vcxproj", "{DD90AE2E-EC0C-4E39-A176-3BBC41054978}"
EndProject
Project("{8BC9CEB8-8B4A-11D0-8D11-00A0C91BC942}") = "Projection", "Projection\Projection.vcxproj", "{1DEBCC12-A1C7-451D-8D8A-84BACAE9202E}"
EndProject
Project("{8BC9CEB8-8B4A-11D0-8D11-00A0C91BC942}") = "Viewport", "Viewport\Viewport.vcxproj", "{F17B1C2F-4D58-4F7D-BC4C-79618010B107}"
EndProject
Project("{8BC9CEB8-8B4A-11D0-8D11-00A0C91BC942}") = "Aspect", "Aspect\Aspect.vcxproj", "{0A48FB52-4F0A-4360-B322-5785D4818E0B}"
EndProject
Project("{8BC9CEB8-8B4A-11D0-8D11-00A0C91BC942}") = "Matrix", "Matrix\Matrix.vcxproj", "{2B13AE0F-5709-4ACC-8395-50D729EB82EB}"
EndProject
Project("{8BC9CEB8-8B4A-11D0-8D11-00A0C91BC942}") = "Test1", "Test1\Test1.vcxproj", "{4BF9E30A-0813-46AD-90BC-4653C96D9D3E}"
EndProject
Project("{8BC9CEB8-8B4A-11D0-8D11-00A0C91BC942}") = "Test2", "Test2\Test2.vcxproj", "{03D3E2E9-CEA8-45B2-8DD3-905105B20B42}"
EndProject
Project("{8BC9CEB8-8B4A-11D0-8D11-00A0C91BC942}") = "Lighting", "Lighting\Lighting.vcxproj", "{3955F825-475E-4F0C-8EE0-334147AEA40F}"
EndProject
Project("{8BC9CEB8-8B4A-11D0-8D11-00A0C91BC942}") = "LightModel", "LightModel\LightModel.vcxproj", "{F487CA02-FDD0-4C39-ABB3-FDF7140AC0C9}"
EndProject
Project("{8BC9CEB8-8B4A-11D0-8D11-00A0C91BC942}") = "Material", "Material\Material.vcxproj", "{ED050F06-59DA-4FAB-94D8-C212ADFF2468}"
EndProject
Project("{8BC9CEB8-8B4A-11D0-8D11-00A0C91BC942}") = "Normal", "Normal\Normal.vcxproj", "{A1A4F08C-ACE7-4339-827B-F170603DD882}"
EndProject
Project("{8BC9CEB8-8B4A-11D0-8D11-00A0C91BC942}") = "Bitmap", "Bitmap\Bitmap.vcxproj", "{87EFD9CD-14D8-422C-8901-833C88DD6E6D}"
EndProject
Project("{8BC9CEB8-8B4A-11D0-8D11-00A0C91BC942}") = "Mapping", "Mapping\Mapping.vcxproj", "{1252EED4-1016-4A9D-99E6-5C249E3DCCCC}"
EndProject
Project("{8BC9CEB8-8B4A-11D0-8D11-00A0C91BC942}") = "Blend", "Blend\Blend.vcxproj", "{4760615E-DC3F-49E5-A371-4BE23ED50DE5}"
EndProject
Project("{8BC9CEB8-8B4A-11D0-8D11-00A0C91BC942}") = "AntiAlias", "AntiAlias\AntiAlias.vcxproj", "{9DA01A91-932D-45B1-A93D-554439C679E9}"
EndProject
Project("{8BC9CEB8-8B4A-11D0-8D11-00A0C91BC942}") = "EdgeFlag", "EdgeFlag\EdgeFlag.vcxproj", "{0B920405-8705-49D4-B9F9-51CECAD42798}"
EndProject
Project("{8BC9CEB8-8B4A-11D0-8D11-00A0C91BC942}") = "PolygonStipple", "PolygonStipple\PolygonStipple.vcxproj", "{05503CEA-DB6F-401B-8C25-3012389E6AC1}"
EndProject
Project("{8BC9CEB8-8B4A-11D0-8D11-00A0C91BC942}") = "Stencil", "Stencil\Stencil.vcxproj", "{18CB29C9-1E55-477F-8048-BD154E23DD93}"
EndProject
Project("{8BC9CEB8-8B4A-11D0-8D11-00A0C91BC942}") = "Win32OpenGL", "Win32OpenGL\Win32OpenGL.vcxproj", "{991C5CAB-2BB9-462D-BCC4-12F88458BB78}"
EndProject
Project("{8BC9CEB8-8B4A-11D0-8D11-00A0C91BC942}") = "ColorArray", "ColorArray\ColorArray.vcxproj", "{B73829E8-9DC8-494A-B4A0-CB7578D23C9C}"
EndProject
Global
	GlobalSection(SolutionConfigurationPlatforms) = preSolution
		Debug|Win32 = Debug|Win32
		Release|Win32 = Release|Win32
	EndGlobalSection
	GlobalSection(ProjectConfigurationPlatforms) = postSolution
		{4CD31F7E-1710-4C04-89D4-EF16109F0CFE}.Debug|Win32.ActiveCfg = Debug|Win32
		{4CD31F7E-1710-4C04-89D4-EF16109F0CFE}.Debug|Win32.Build.0 = Debug|Win32
		{4CD31F7E-1710-4C04-89D4-EF16109F0CFE}.Release|Win32.ActiveCfg = Release|Win32
		{4CD31F7E-1710-4C04-89D4-EF16109F0CFE}.Release|Win32.Build.0 = Release|Win32
		{A592CDB8-6F32-478E-8343-8DF57329B848}.Debug|Win32.ActiveCfg = Debug|Win32
		{A592CDB8-6F32-478E-8343-8DF57329B848}.Debug|Win32.Build.0 = Debug|Win32
		{A592CDB8-6F32-478E-8343-8DF57329B848}.Release|Win32.ActiveCfg = Release|Win32
		{A592CDB8-6F32-478E-8343-8DF57329B848}.Release|Win32.Build.0 = Release|Win32
		{79AC15CE-F10D-45DF-A63A-968B2CB0CE5D}.Debug|Win32.ActiveCfg = Debug|Win32
		{79AC15CE-F10D-45DF-A63A-968B2CB0CE5D}.Debug|Win32.Build.0 = Debug|Win32
		{79AC15CE-F10D-45DF-A63A-968B2CB0CE5D}.Release|Win32.ActiveCfg = Release|Win32
		{79AC15CE-F10D-45DF-A63A-968B2CB0CE5D}.Release|Win32.Build.0 = Release|Win32
		{9CE74161-A7EE-4C76-B372-7780FEB9C274}.Debug|Win32.ActiveCfg = Debug|Win32
		{9CE74161-A7EE-4C76-B372-7780FEB9C274}.Debug|Win32.Build.0 = Debug|Win32
		{9CE74161-A7EE-4C76-B372-7780FEB9C274}.Release|Win32.ActiveCfg = Release|Win32
		{9CE74161-A7EE-4C76-B372-7780FEB9C274}.Release|Win32.Build.0 = Release|Win32
		{0081309C-7F7A-48F0-A807-EDFF5905A61F}.Debug|Win32.ActiveCfg = Debug|Win32
		{0081309C-7F7A-48F0-A807-EDFF5905A61F}.Debug|Win32.Build.0 = Debug|Win32
		{0081309C-7F7A-48F0-A807-EDFF5905A61F}.Release|Win32.ActiveCfg = Release|Win32
		{0081309C-7F7A-48F0-A807-EDFF5905A61F}.Release|Win32.Build.0 = Release|Win32
		{67B2F7BD-B648-4E69-AF78-D933A6FA547C}.Debug|Win32.ActiveCfg = Debug|Win32
		{67B2F7BD-B648-4E69-AF78-D933A6FA547C}.Debug|Win32.Build.0 = Debug|Win32
		{67B2F7BD-B648-4E69-AF78-D933A6FA547C}.Release|Win32.ActiveCfg = Release|Win32
		{67B2F7BD-B648-4E69-AF78-D933A6FA547C}.Release|Win32.Build.0 = Release|Win32
		{2B6F78E7-1B78-442C-996B-877DBECE4FCF}.Debug|Win32.ActiveCfg = Debug|Win32
		{2B6F78E7-1B78-442C-996B-877DBECE4FCF}.Debug|Win32.Build.0 = Debug|Win32
		{2B6F78E7-1B78-442C-996B-877DBECE4FCF}.Release|Win32.ActiveCfg = Release|Win32
		{2B6F78E7-1B78-442C-996B-877DBECE4FCF}.Release|Win32.Build.0 = Release|Win32
		{B0EB9B94-8D20-40F0-9A33-0C2031302A6B}.Debug|Win32.ActiveCfg = Debug|Win32
		{B0EB9B94-8D20-40F0-9A33-0C2031302A6B}.Debug|Win32.Build.0 = Debug|Win32
		{B0EB9B94-8D20-40F0-9A33-0C2031302A6B}.Release|Win32.ActiveCfg = Release|Win32
		{B0EB9B94-8D20-40F0-9A33-0C2031302A6B}.Release|Win32.Build.0 = Release|Win32
		{6D10276B-70E0-4CBC-A605-3DC6D0F59594}.Debug|Win32.ActiveCfg = Debug|Win32
		{6D10276B-70E0-4CBC-A605-3DC6D0F59594}.Debug|Win32.Build.0 = Debug|Win32
		{6D10276B-70E0-4CBC-A605-3DC6D0F59594}.Release|Win32.ActiveCfg = Release|Win32
		{6D10276B-70E0-4CBC-A605-3DC6D0F59594}.Release|Win32.Build.0 = Release|Win32
		{9FDF687B-8FDF-4BF4-8F31-22B65889762E}.Debug|Win32.ActiveCfg = Debug|Win32
		{9FDF687B-8FDF-4BF4-8F31-22B65889762E}.Debug|Win32.Build.0 = Debug|Win32
		{9FDF687B-8FDF-4BF4-8F31-22B65889762E}.Release|Win32.ActiveCfg = Release|Win32
		{9FDF687B-8FDF-4BF4-8F31-22B65889762E}.Release|Win32.Build.0 = Release|Win32
		{954DCE2D-3560-4393-B2E2-AFFAF32DCD49}.Debug|Win32.ActiveCfg = Debug|Win32
		{954DCE2D-3560-4393-B2E2-AFFAF32DCD49}.Debug|Win32.Build.0 = Debug|Win32
		{954DCE2D-3560-4393-B2E2-AFFAF32DCD49}.Release|Win32.ActiveCfg = Release|Win32
		{954DCE2D-3560-4393-B2E2-AFFAF32DCD49}.Release|Win32.Build.0 = Release|Win32
		{BFF8AFE9-E12C-47B7-9D85-6B3F360099F4}.Debug|Win32.ActiveCfg = Debug|Win32
		{BFF8AFE9-E12C-47B7-9D85-6B3F360099F4}.Debug|Win32.Build.0 = Debug|Win32
		{BFF8AFE9-E12C-47B7-9D85-6B3F360099F4}.Release|Win32.ActiveCfg = Release|Win32
		{BFF8AFE9-E12C-47B7-9D85-6B3F360099F4}.Release|Win32.Build.0 = Release|Win32
		{A033BE0F-FEFB-4E02-9A1F-9912507359E5}.Debug|Win32.ActiveCfg = Debug|Win32
		{A033BE0F-FEFB-4E02-9A1F-9912507359E5}.Debug|Win32.Build.0 = Debug|Win32
		{A033BE0F-FEFB-4E02-9A1F-9912507359E5}.Release|Win32.ActiveCfg = Release|Win32
		{A033BE0F-FEFB-4E02-9A1F-9912507359E5}.Release|Win32.Build.0 = Release|Win32
		{A6C00A9D-8488-481B-920C-F9DF150966A9}.Debug|Win32.ActiveCfg = Debug|Win32
		{A6C00A9D-8488-481B-920C-F9DF150966A9}.Debug|Win32.Build.0 = Debug|Win32
		{A6C00A9D-8488-481B-920C-F9DF150966A9}.Release|Win32.ActiveCfg = Release|Win32
		{A6C00A9D-8488-481B-920C-F9DF150966A9}.Release|Win32.Build.0 = Release|Win32
		{92BDBE61-E908-466D-8FEF-86385761E9DB}.Debug|Win32.ActiveCfg = Debug|Win32
		{92BDBE61-E908-466D-8FEF-86385761E9DB}.Debug|Win32.Build.0 = Debug|Win32
		{92BDBE61-E908-466D-8FEF-86385761E9DB}.Release|Win32.ActiveCfg = Release|Win32
		{92BDBE61-E908-466D-8FEF-86385761E9DB}.Release|Win32.Build.0 = Release|Win32
		{DD90AE2E-EC0C-4E39-A176-3BBC41054978}.Debug|Win32.ActiveCfg = Debug|Win32
		{DD90AE2E-EC0C-4E39-A176-3BBC41054978}.Debug|Win32.Build.0 = Debug|Win32
		{DD90AE2E-EC0C-4E39-A176-3BBC41054978}.Release|Win32.ActiveCfg = Release|Win32
		{DD90AE2E-EC0C-4E39-A176-3BBC41054978}.Release|Win32.Build.0 = Release|Win32
		{1DEBCC12-A1C7-451D-8D8A-84BACAE9202E}.Debug|Win32.ActiveCfg = Debug|Win32
		{1DEBCC12-A1C7-451D-8D8A-84BACAE9202E}.Debug|Win32.Build.0 = Debug|Win32
		{1DEBCC12-A1C7-451D-8D8A-84BACAE9202E}.Release|Win32.ActiveCfg = Release|Win32
		{1DEBCC12-A1C7-451D-8D8A-84BACAE9202E}.Release|Win32.Build.0 = Release|Win32
		{F17B1C2F-4D58-4F7D-BC4C-79618010B107}.Debug|Win32.ActiveCfg = Debug|Win32
		{F17B1C2F-4D58-4F7D-BC4C-79618010B107}.Debug|Win32.Build.0 = Debug|Win32
		{F17B1C2F-4D58-4F7D-BC4C-79618010B107}.Release|Win32.ActiveCfg = Release|Win32
		{F17B1C2F-4D58-4F7D-BC4C-79618010B107}.Release|Win32.Build.0 = Release|Win32
		{0A48FB52-4F0A-4360-B322-5785D4818E0B}.Debug|Win32.ActiveCfg = Debug|Win32
		{0A48FB52-4F0A-4360-B322-5785D4818E0B}.Debug|Win32.Build.0 = Debug|Win32
		{0A48FB52-4F0A-4360-B322-5785D4818E0B}.Release|Win32.ActiveCfg = Release|Win32
		{0A48FB52-4F0A-4360-B322-5785D4818E0B}.Release|Win32.Build.0 = Release|Win32
		{2B13AE0F-5709-4ACC-8395-50D729EB82EB}.Debug|Win32.ActiveCfg = Debug|Win32
		{2B13AE0F-5709-4ACC-8395-50D729EB82EB}.Debug|Win32.Build.0 = Debug|Win32
		{2B13AE0F-5709-4ACC-8395-50D729EB82EB}.Release|Win32.ActiveCfg = Release|Win32
		{2B13AE0F-5709-4ACC-8395-50D729EB82EB}.Release|Win32.Build.0 = Release|Win32
		{4BF9E30A-0813-46AD-90BC-4653C96D9D3E}.Debug|Win32.ActiveCfg = Debug|Win32
		{4BF9E30A-0813-46AD-90BC-4653C96D9D3E}.Debug|Win32.Build.0 = Debug|Win32
		{4BF9E30A-0813-46AD-90BC-4653C96D9D3E}.Release|Win32.ActiveCfg = Release|Win32
		{4BF9E30A-0813-46AD-90BC-4653C96D9D3E}.Release|Win32.Build.0 = Release|Win32
		{03D3E2E9-CEA8-45B2-8DD3-905105B20B42}.Debug|Win32.ActiveCfg = Debug|Win32
		{03D3E2E9-CEA8-45B2-8DD3-905105B20B42}.Debug|Win32.Build.0 = Debug|Win32
		{03D3E2E9-CEA8-45B2-8DD3-905105B20B42}.Release|Win32.ActiveCfg = Release|Win32
		{03D3E2E9-CEA8-45B2-8DD3-905105B20B42}.Release|Win32.Build.0 = Release|Win32
		{3955F825-475E-4F0C-8EE0-334147AEA40F}.Debug|Win32.ActiveCfg = Debug|Win32
		{3955F825-475E-4F0C-8EE0-334147AEA40F}.Debug|Win32.Build.0 = Debug|Win32
		{3955F825-475E-4F0C-8EE0-334147AEA40F}.Release|Win32.ActiveCfg = Release|Win32
		{3955F825-475E-4F0C-8EE0-334147AEA40F}.Release|Win32.Build.0 = Release|Win32
		{F487CA02-FDD0-4C39-ABB3-FDF7140AC0C9}.Debug|Win32.ActiveCfg = Debug|Win32
		{F487CA02-FDD0-4C39-ABB3-FDF7140AC0C9}.Debug|Win32.Build.0 = Debug|Win32
		{F487CA02-FDD0-4C39-ABB3-FDF7140AC0C9}.Release|Win32.ActiveCfg = Release|Win32
		{F487CA02-FDD0-4C39-ABB3-FDF7140AC0C9}.Release|Win32.Build.0 = Release|Win32
		{ED050F06-59DA-4FAB-94D8-C212ADFF2468}.Debug|Win32.ActiveCfg = Debug|Win32
		{ED050F06-59DA-4FAB-94D8-C212ADFF2468}.Debug|Win32.Build.0 = Debug|Win32
		{ED050F06-59DA-4FAB-94D8-C212ADFF2468}.Release|Win32.ActiveCfg = Release|Win32
		{ED050F06-59DA-4FAB-94D8-C212ADFF2468}.Release|Win32.Build.0 = Release|Win32
		{A1A4F08C-ACE7-4339-827B-F170603DD882}.Debug|Win32.ActiveCfg = Debug|Win32
		{A1A4F08C-ACE7-4339-827B-F170603DD882}.Debug|Win32.Build.0 = Debug|Win32
		{A1A4F08C-ACE7-4339-827B-F170603DD882}.Release|Win32.ActiveCfg = Release|Win32
		{A1A4F08C-ACE7-4339-827B-F170603DD882}.Release|Win32.Build.0 = Release|Win32
		{87EFD9CD-14D8-422C-8901-833C88DD6E6D}.Debug|Win32.ActiveCfg = Debug|Win32
		{87EFD9CD-14D8-422C-8901-833C88DD6E6D}.Debug|Win32.Build.0 = Debug|Win32
		{87EFD9CD-14D8-422C-8901-833C88DD6E6D}.Release|Win32.ActiveCfg = Release|Win32
		{87EFD9CD-14D8-422C-8901-833C88DD6E6D}.Release|Win32.Build.0 = Release|Win32
		{1252EED4-1016-4A9D-99E6-5C249E3DCCCC}.Debug|Win32.ActiveCfg = Debug|Win32
		{1252EED4-1016-4A9D-99E6-5C249E3DCCCC}.Debug|Win32.Build.0 = Debug|Win32
		{1252EED4-1016-4A9D-99E6-5C249E3DCCCC}.Release|Win32.ActiveCfg = Release|Win32
		{1252EED4-1016-4A9D-99E6-5C249E3DCCCC}.Release|Win32.Build.0 = Release|Win32
		{4760615E-DC3F-49E5-A371-4BE23ED50DE5}.Debug|Win32.ActiveCfg = Debug|Win32
		{4760615E-DC3F-49E5-A371-4BE23ED50DE5}.Debug|Win32.Build.0 = Debug|Win32
		{4760615E-DC3F-49E5-A371-4BE23ED50DE5}.Release|Win32.ActiveCfg = Release|Win32
		{4760615E-DC3F-49E5-A371-4BE23ED50DE5}.Release|Win32.Build.0 = Release|Win32
		{9DA01A91-932D-45B1-A93D-554439C679E9}.Debug|Win32.ActiveCfg = Debug|Win32
		{9DA01A91-932D-45B1-A93D-554439C679E9}.Debug|Win32.Build.0 = Debug|Win32
		{9DA01A91-932D-45B1-A93D-554439C679E9}.Release|Win32.ActiveCfg = Release|Win32
		{9DA01A91-932D-45B1-A93D-554439C679E9}.Release|Win32.Build.0 = Release|Win32
		{0B920405-8705-49D4-B9F9-51CECAD42798}.Debug|Win32.ActiveCfg = Debug|Win32
		{0B920405-8705-49D4-B9F9-51CECAD42798}.Debug|Win32.Build.0 = Debug|Win32
		{0B920405-8705-49D4-B9F9-51CECAD42798}.Release|Win32.ActiveCfg = Release|Win32
		{0B920405-8705-49D4-B9F9-51CECAD42798}.Release|Win32.Build.0 = Release|Win32
		{05503CEA-DB6F-401B-8C25-3012389E6AC1}.Debug|Win32.ActiveCfg = Debug|Win32
		{05503CEA-DB6F-401B-8C25-3012389E6AC1}.Debug|Win32.Build.0 = Debug|Win32
		{05503CEA-DB6F-401B-8C25-3012389E6AC1}.Release|Win32.ActiveCfg = Release|Win32
		{05503CEA-DB6F-401B-8C25-3012389E6AC1}.Release|Win32.Build.0 = Release|Win32
		{18CB29C9-1E55-477F-8048-BD154E23DD93}.Debug|Win32.ActiveCfg = Debug|Win32
		{18CB29C9-1E55-477F-8048-BD154E23DD93}.Debug|Win32.Build.0 = Debug|Win32
		{18CB29C9-1E55-477F-8048-BD154E23DD93}.Release|Win32.ActiveCfg = Release|Win32
		{18CB29C9-1E55-477F-8048-BD154E23DD93}.Release|Win32.Build.0 = Release|Win32
		{991C5CAB-2BB9-462D-BCC4-12F88458BB78}.Debug|Win32.ActiveCfg = Debug|Win32
		{991C5CAB-2BB9-462D-BCC4-12F88458BB78}.Debug|Win32.Build.0 = Debug|Win32
		{991C5CAB-2BB9-462D-BCC4-12F88458BB78}.Release|Win32.ActiveCfg = Release|Win32
		{991C5CAB-2BB9-462D-BCC4-12F88458BB78}.Release|Win32.Build.0 = Release|Win32
		{B73829E8-9DC8-494A-B4A0-CB7578D23C9C}.Debug|Win32.ActiveCfg = Debug|Win32
		{B73829E8-9DC8-494A-B4A0-CB7578D23C9C}.Debug|Win32.Build.0 = Debug|Win32
		{B73829E8-9DC8-494A-B4A0-CB7578D23C9C}.Release|Win32.ActiveCfg = Release|Win32
		{B73829E8-9DC8-494A-B4A0-CB7578D23C9C}.Release|Win32.Build.0 = Release|Win32
	EndGlobalSection
	GlobalSection(SolutionProperties) = preSolution
		HideSolutionNode = FALSE
	EndGlobalSection
EndGlobal
