
Microsoft Visual Studio Solution File, Format Version 12.00
# Visual Studio Version 16
VisualStudioVersion = 16.0.29911.84
MinimumVisualStudioVersion = 10.0.40219.1
Project("{8BC9CEB8-8B4A-11D0-8D11-00A0C91BC942}") = "6주차과제", "6주차과제.vcxproj", "{442752DC-0B21-4922-B00A-2F3C4F814D68}"
EndProject
Global
	GlobalSection(SolutionConfigurationPlatforms) = preSolution
		Debug|x64 = Debug|x64
		Debug|x86 = Debug|x86
		Release|x64 = Release|x64
		Release|x86 = Release|x86
	EndGlobalSection
	GlobalSection(ProjectConfigurationPlatforms) = postSolution
		{442752DC-0B21-4922-B00A-2F3C4F814D68}.Debug|x64.ActiveCfg = Debug|x64
		{442752DC-0B21-4922-B00A-2F3C4F814D68}.Debug|x64.Build.0 = Debug|x64
		{442752DC-0B21-4922-B00A-2F3C4F814D68}.Debug|x86.ActiveCfg = Debug|Win32
		{442752DC-0B21-4922-B00A-2F3C4F814D68}.Debug|x86.Build.0 = Debug|Win32
		{442752DC-0B21-4922-B00A-2F3C4F814D68}.Release|x64.ActiveCfg = Release|x64
		{442752DC-0B21-4922-B00A-2F3C4F814D68}.Release|x64.Build.0 = Release|x64
		{442752DC-0B21-4922-B00A-2F3C4F814D68}.Release|x86.ActiveCfg = Release|Win32
		{442752DC-0B21-4922-B00A-2F3C4F814D68}.Release|x86.Build.0 = Release|Win32
	EndGlobalSection
	GlobalSection(SolutionProperties) = preSolution
		HideSolutionNode = FALSE
	EndGlobalSection
	GlobalSection(ExtensibilityGlobals) = postSolution
		SolutionGuid = {F1084636-AF05-4A22-819F-3F68AEB8D350}
	EndGlobalSection
EndGlobal
